<?xml version="1.0" encoding="utf-8"?>
<Project ToolsVersion="4.0" xmlns="http://schemas.microsoft.com/developer/msbuild/2003">
  <ItemGroup>
    <Filter Include="源文件">
      <UniqueIdentifier>{4FC737F1-C7A5-4376-A066-2A32D752A2FF}</UniqueIdentifier>
      <Extensions>cpp;c;cc;cxx;def;odl;idl;hpj;bat;asm;asmx</Extensions>
    </Filter>
    <Filter Include="头文件">
      <UniqueIdentifier>{93995380-89BD-4b04-88EB-625FBE52EBFB}</UniqueIdentifier>
      <Extensions>h;hpp;hxx;hm;inl;inc;xsd</Extensions>
    </Filter>
    <Filter Include="资源文件">
      <UniqueIdentifier>{67DA6AB6-F800-4c08-8B7A-83BB121AAD01}</UniqueIdentifier>
      <Extensions>rc;ico;cur;bmp;dlg;rc2;rct;bin;rgs;gif;jpg;jpeg;jpe;resx;tiff;tif;png;wav;mfcribbon-ms</Extensions>
    </Filter>
    <Filter Include="Shaders">
      <UniqueIdentifier>{2af9990e-94f1-40c1-a9ad-d48c1d23d6a4}</UniqueIdentifier>
    </Filter>
  </ItemGroup>
  <ItemGroup>
    <ClCompile Include="SphericalHarmonic.cpp">
      <Filter>源文件</Filter>
    </ClCompile>
    <ClCompile Include="main.cpp">
      <Filter>源文件</Filter>
    </ClCompile>
    <ClCompile Include="Scene.cpp">
      <Filter>源文件</Filter>
    </ClCompile>
    <ClCompile Include="Lighting.cpp">
      <Filter>源文件</Filter>
    </ClCompile>
    <ClCompile Include="Sampler.cpp">
      <Filter>源文件</Filter>
    </ClCompile>
    <ClCompile Include="Renderer.cpp">
      <Filter>源文件</Filter>
    </ClCompile>
    <ClCompile Include="Object.cpp">
      <Filter>源文件</Filter>
    </ClCompile>
    <ClCompile Include="Cubemap.cpp">
      <Filter>源文件</Filter>
    </ClCompile>
    <ClCompile Include="CutCross.cpp">
      <Filter>源文件</Filter>
    </ClCompile>
    <ClCompile Include="BVHTree.cpp">
      <Filter>源文件</Filter>
    </ClCompile>
    <ClCompile Include="BBox.cpp">
      <Filter>源文件</Filter>
    </ClCompile>
    <ClCompile Include="BVHTreeTEST.cpp">
      <Filter>源文件</Filter>
    </ClCompile>
    <ClCompile Include="GeneralObject.cpp">
      <Filter>源文件</Filter>
    </ClCompile>
    <ClCompile Include="DiffuseObject.cpp">
      <Filter>源文件</Filter>
    </ClCompile>
    <ClCompile Include="HDRLoader.cpp">
      <Filter>源文件</Filter>
    </ClCompile>
    <ClCompile Include="ShaderFunc.cpp">
      <Filter>源文件</Filter>
    </ClCompile>
  </ItemGroup>
  <ItemGroup>
    <ClInclude Include="SphericalHarmonic.h">
      <Filter>头文件</Filter>
    </ClInclude>
    <ClInclude Include="toolFunction.h">
      <Filter>头文件</Filter>
    </ClInclude>
    <ClInclude Include="Scene.h">
      <Filter>头文件</Filter>
    </ClInclude>
    <ClInclude Include="Lighting.h">
      <Filter>头文件</Filter>
    </ClInclude>
    <ClInclude Include="Sampler.h">
      <Filter>头文件</Filter>
    </ClInclude>
    <ClInclude Include="Renderer.h">
      <Filter>头文件</Filter>
    </ClInclude>
    <ClInclude Include="Object.h">
      <Filter>头文件</Filter>
    </ClInclude>
    <ClInclude Include="GlutFunction.h">
      <Filter>头文件</Filter>
    </ClInclude>
    <ClInclude Include="UI.h">
      <Filter>头文件</Filter>
    </ClInclude>
    <ClInclude Include="Cubemap.h">
      <Filter>头文件</Filter>
    </ClInclude>
    <ClInclude Include="BVHTree.h">
      <Filter>头文件</Filter>
    </ClInclude>
    <ClInclude Include="BBox.h">
      <Filter>头文件</Filter>
    </ClInclude>
    <ClInclude Include="UIFunction.h">
      <Filter>头文件</Filter>
    </ClInclude>
    <ClInclude Include="GeneralObject.h">
      <Filter>头文件</Filter>
    </ClInclude>
    <ClInclude Include="DiffuseObject.h">
      <Filter>头文件</Filter>
    </ClInclude>
    <ClInclude Include="SHrotation.h">
      <Filter>头文件</Filter>
    </ClInclude>
    <ClInclude Include="SimpleLighting.h">
      <Filter>头文件</Filter>
    </ClInclude>
    <ClInclude Include="HDRLoader.h">
      <Filter>头文件</Filter>
    </ClInclude>
    <ClInclude Include="ShaderFunc.h">
      <Filter>头文件</Filter>
    </ClInclude>
  </ItemGroup>
  <ItemGroup>
    <None Include="cubemap_f.glsl">
      <Filter>Shaders</Filter>
    </None>
    <None Include="cubemap_v.glsl">
      <Filter>Shaders</Filter>
    </None>
  </ItemGroup>
</Project>